
Microsoft Visual Studio Solution File, Format Version 12.00
# Visual Studio Version 17
VisualStudioVersion = 17.1.32328.378
MinimumVisualStudioVersion = 10.0.40219.1
Project("{FAE04EC0-301F-11D3-BF4B-00C04F79EFBC}") = "Program", "Program\Program.csproj", "{F9D68C26-60DA-45C3-B714-66EB47123B58}"
EndProject
Global
	GlobalSection(SolutionConfigurationPlatforms) = preSolution
		Debug|Any CPU = Debug|Any CPU
		Release|Any CPU = Release|Any CPU
	EndGlobalSection
	GlobalSection(ProjectConfigurationPlatforms) = postSolution
		{F9D68C26-60DA-45C3-B714-66EB47123B58}.Debug|Any CPU.ActiveCfg = Debug|Any CPU
		{F9D68C26-60DA-45C3-B714-66EB47123B58}.Debug|Any CPU.Build.0 = Debug|Any CPU
		{F9D68C26-60DA-45C3-B714-66EB47123B58}.Release|Any CPU.ActiveCfg = Release|Any CPU
		{F9D68C26-60DA-45C3-B714-66EB47123B58}.Release|Any CPU.Build.0 = Release|Any CPU
	EndGlobalSection
	GlobalSection(SolutionProperties) = preSolution
		HideSolutionNode = FALSE
	EndGlobalSection
	GlobalSection(ExtensibilityGlobals) = postSolution
		SolutionGuid = {ADFDB3C8-865B-4C25-9F2E-73A42F8F2D92}
	EndGlobalSection
EndGlobal
